// !$*UTF8*$!
{
	archiveVersion = 1;
	classes = {
	};
	objectVersion = 50;
	objects = {

/* Begin PBXBuildFile section */
		09A09A2E831E7A7D9BFE0935 /* libPods-RTCPDemo.a in Frameworks */ = {isa = PBXBuildFile; fileRef = 1EEDB431E5747832BA253870 /* libPods-RTCPDemo.a */; };
		630F1E35225C4612007CF259 /* AppDelegate.m in Sources */ = {isa = PBXBuildFile; fileRef = 630F1E34225C4612007CF259 /* AppDelegate.m */; };
		630F1E3B225C4612007CF259 /* Main.storyboard in Resources */ = {isa = PBXBuildFile; fileRef = 630F1E39225C4612007CF259 /* Main.storyboard */; };
		630F1E3D225C4613007CF259 /* Assets.xcassets in Resources */ = {isa = PBXBuildFile; fileRef = 630F1E3C225C4613007CF259 /* Assets.xcassets */; };
		630F1E43225C4613007CF259 /* main.m in Sources */ = {isa = PBXBuildFile; fileRef = 630F1E42225C4613007CF259 /* main.m */; };
		630F1E4D225C4613007CF259 /* RTCPDemoTests.m in Sources */ = {isa = PBXBuildFile; fileRef = 630F1E4C225C4613007CF259 /* RTCPDemoTests.m */; };
		630F1E58225C4613007CF259 /* RTCPDemoUITests.m in Sources */ = {isa = PBXBuildFile; fileRef = 630F1E57225C4613007CF259 /* RTCPDemoUITests.m */; };
		630F1E71225C7C48007CF259 /* ArRoomViewController.m in Sources */ = {isa = PBXBuildFile; fileRef = 630F1E70225C7C48007CF259 /* ArRoomViewController.m */; };
		637C7F6E2289723B001D7361 /* ArMainViewController.m in Sources */ = {isa = PBXBuildFile; fileRef = 637C7F6D2289723B001D7361 /* ArMainViewController.m */; };
		63C172F6225D8779001E72E7 /* ArQRCodeViewController.m in Sources */ = {isa = PBXBuildFile; fileRef = 63C172F5225D8779001E72E7 /* ArQRCodeViewController.m */; };
		63C172F8225DCAF5001E72E7 /* RTCPEngine.framework in Frameworks */ = {isa = PBXBuildFile; fileRef = 63C172F7225DCAF5001E72E7 /* RTCPEngine.framework */; };
		63C172FA225DCAFC001E72E7 /* RTCPEngine.framework in Embed Frameworks */ = {isa = PBXBuildFile; fileRef = 63C172F7225DCAF5001E72E7 /* RTCPEngine.framework */; settings = {ATTRIBUTES = (CodeSignOnCopy, RemoveHeadersOnCopy, ); }; };
		63E1AAF1228970FD00975C9F /* ArLogView.m in Sources */ = {isa = PBXBuildFile; fileRef = 63E1AAF0228970FD00975C9F /* ArLogView.m */; };
/* End PBXBuildFile section */

/* Begin PBXContainerItemProxy section */
		630F1E49225C4613007CF259 /* PBXContainerItemProxy */ = {
			isa = PBXContainerItemProxy;
			containerPortal = 630F1E28225C4612007CF259 /* Project object */;
			proxyType = 1;
			remoteGlobalIDString = 630F1E2F225C4612007CF259;
			remoteInfo = RTCPDemo;
		};
		630F1E54225C4613007CF259 /* PBXContainerItemProxy */ = {
			isa = PBXContainerItemProxy;
			containerPortal = 630F1E28225C4612007CF259 /* Project object */;
			proxyType = 1;
			remoteGlobalIDString = 630F1E2F225C4612007CF259;
			remoteInfo = RTCPDemo;
		};
/* End PBXContainerItemProxy section */

/* Begin PBXCopyFilesBuildPhase section */
		630F1E6E225C4E94007CF259 /* Embed Frameworks */ = {
			isa = PBXCopyFilesBuildPhase;
			buildActionMask = 2147483647;
			dstPath = "";
			dstSubfolderSpec = 10;
			files = (
				63C172FA225DCAFC001E72E7 /* RTCPEngine.framework in Embed Frameworks */,
			);
			name = "Embed Frameworks";
			runOnlyForDeploymentPostprocessing = 0;
		};
/* End PBXCopyFilesBuildPhase section */

/* Begin PBXFileReference section */
		1EEDB431E5747832BA253870 /* libPods-RTCPDemo.a */ = {isa = PBXFileReference; explicitFileType = archive.ar; includeInIndex = 0; path = "libPods-RTCPDemo.a"; sourceTree = BUILT_PRODUCTS_DIR; };
		32F76B066C0CB70E9DB41DB4 /* Pods-RTCPDemo.release.xcconfig */ = {isa = PBXFileReference; includeInIndex = 1; lastKnownFileType = text.xcconfig; name = "Pods-RTCPDemo.release.xcconfig"; path = "Target Support Files/Pods-RTCPDemo/Pods-RTCPDemo.release.xcconfig"; sourceTree = "<group>"; };
		630F1E30225C4612007CF259 /* RTCPDemo.app */ = {isa = PBXFileReference; explicitFileType = wrapper.application; includeInIndex = 0; path = RTCPDemo.app; sourceTree = BUILT_PRODUCTS_DIR; };
		630F1E33225C4612007CF259 /* AppDelegate.h */ = {isa = PBXFileReference; lastKnownFileType = sourcecode.c.h; path = AppDelegate.h; sourceTree = "<group>"; };
		630F1E34225C4612007CF259 /* AppDelegate.m */ = {isa = PBXFileReference; lastKnownFileType = sourcecode.c.objc; path = AppDelegate.m; sourceTree = "<group>"; };
		630F1E3A225C4612007CF259 /* Base */ = {isa = PBXFileReference; lastKnownFileType = file.storyboard; name = Base; path = Base.lproj/Main.storyboard; sourceTree = "<group>"; };
		630F1E3C225C4613007CF259 /* Assets.xcassets */ = {isa = PBXFileReference; lastKnownFileType = folder.assetcatalog; path = Assets.xcassets; sourceTree = "<group>"; };
		630F1E41225C4613007CF259 /* Info.plist */ = {isa = PBXFileReference; lastKnownFileType = text.plist.xml; path = Info.plist; sourceTree = "<group>"; };
		630F1E42225C4613007CF259 /* main.m */ = {isa = PBXFileReference; lastKnownFileType = sourcecode.c.objc; path = main.m; sourceTree = "<group>"; };
		630F1E48225C4613007CF259 /* RTCPDemoTests.xctest */ = {isa = PBXFileReference; explicitFileType = wrapper.cfbundle; includeInIndex = 0; path = RTCPDemoTests.xctest; sourceTree = BUILT_PRODUCTS_DIR; };
		630F1E4C225C4613007CF259 /* RTCPDemoTests.m */ = {isa = PBXFileReference; lastKnownFileType = sourcecode.c.objc; path = RTCPDemoTests.m; sourceTree = "<group>"; };
		630F1E4E225C4613007CF259 /* Info.plist */ = {isa = PBXFileReference; lastKnownFileType = text.plist.xml; path = Info.plist; sourceTree = "<group>"; };
		630F1E53225C4613007CF259 /* RTCPDemoUITests.xctest */ = {isa = PBXFileReference; explicitFileType = wrapper.cfbundle; includeInIndex = 0; path = RTCPDemoUITests.xctest; sourceTree = BUILT_PRODUCTS_DIR; };
		630F1E57225C4613007CF259 /* RTCPDemoUITests.m */ = {isa = PBXFileReference; lastKnownFileType = sourcecode.c.objc; path = RTCPDemoUITests.m; sourceTree = "<group>"; };
		630F1E59225C4613007CF259 /* Info.plist */ = {isa = PBXFileReference; lastKnownFileType = text.plist.xml; path = Info.plist; sourceTree = "<group>"; };
		630F1E69225C49DF007CF259 /* PrefixHeader.pch */ = {isa = PBXFileReference; lastKnownFileType = sourcecode.c.h; path = PrefixHeader.pch; sourceTree = "<group>"; };
		630F1E6F225C7C48007CF259 /* ArRoomViewController.h */ = {isa = PBXFileReference; lastKnownFileType = sourcecode.c.h; path = ArRoomViewController.h; sourceTree = "<group>"; };
		630F1E70225C7C48007CF259 /* ArRoomViewController.m */ = {isa = PBXFileReference; lastKnownFileType = sourcecode.c.objc; path = ArRoomViewController.m; sourceTree = "<group>"; };
		637C7F6C2289723B001D7361 /* ArMainViewController.h */ = {isa = PBXFileReference; lastKnownFileType = sourcecode.c.h; path = ArMainViewController.h; sourceTree = "<group>"; };
		637C7F6D2289723B001D7361 /* ArMainViewController.m */ = {isa = PBXFileReference; lastKnownFileType = sourcecode.c.objc; path = ArMainViewController.m; sourceTree = "<group>"; };
		63C172F4225D8779001E72E7 /* ArQRCodeViewController.h */ = {isa = PBXFileReference; lastKnownFileType = sourcecode.c.h; path = ArQRCodeViewController.h; sourceTree = "<group>"; };
		63C172F5225D8779001E72E7 /* ArQRCodeViewController.m */ = {isa = PBXFileReference; lastKnownFileType = sourcecode.c.objc; path = ArQRCodeViewController.m; sourceTree = "<group>"; };
		63C172F7225DCAF5001E72E7 /* RTCPEngine.framework */ = {isa = PBXFileReference; lastKnownFileType = wrapper.framework; path = RTCPEngine.framework; sourceTree = "<group>"; };
		63E1AAEF228970FD00975C9F /* ArLogView.h */ = {isa = PBXFileReference; fileEncoding = 4; lastKnownFileType = sourcecode.c.h; path = ArLogView.h; sourceTree = "<group>"; };
		63E1AAF0228970FD00975C9F /* ArLogView.m */ = {isa = PBXFileReference; fileEncoding = 4; lastKnownFileType = sourcecode.c.objc; path = ArLogView.m; sourceTree = "<group>"; };
		746BACD1F89CCB38F11B96B3 /* Pods-RTCPDemo.debug.xcconfig */ = {isa = PBXFileReference; includeInIndex = 1; lastKnownFileType = text.xcconfig; name = "Pods-RTCPDemo.debug.xcconfig"; path = "Target Support Files/Pods-RTCPDemo/Pods-RTCPDemo.debug.xcconfig"; sourceTree = "<group>"; };
/* End PBXFileReference section */

/* Begin PBXFrameworksBuildPhase section */
		630F1E2D225C4612007CF259 /* Frameworks */ = {
			isa = PBXFrameworksBuildPhase;
			buildActionMask = 2147483647;
			files = (
				09A09A2E831E7A7D9BFE0935 /* libPods-RTCPDemo.a in Frameworks */,
				63C172F8225DCAF5001E72E7 /* RTCPEngine.framework in Frameworks */,
			);
			runOnlyForDeploymentPostprocessing = 0;
		};
		630F1E45225C4613007CF259 /* Frameworks */ = {
			isa = PBXFrameworksBuildPhase;
			buildActionMask = 2147483647;
			files = (
			);
			runOnlyForDeploymentPostprocessing = 0;
		};
		630F1E50225C4613007CF259 /* Frameworks */ = {
			isa = PBXFrameworksBuildPhase;
			buildActionMask = 2147483647;
			files = (
			);
			runOnlyForDeploymentPostprocessing = 0;
		};
/* End PBXFrameworksBuildPhase section */

/* Begin PBXGroup section */
		630E6E28225D7ADA00A31212 /* Base */ = {
			isa = PBXGroup;
			children = (
				630F1E33225C4612007CF259 /* AppDelegate.h */,
				630F1E34225C4612007CF259 /* AppDelegate.m */,
				637C7F6C2289723B001D7361 /* ArMainViewController.h */,
				637C7F6D2289723B001D7361 /* ArMainViewController.m */,
			);
			path = Base;
			sourceTree = "<group>";
		};
		630E6E29225D7ADD00A31212 /* Room */ = {
			isa = PBXGroup;
			children = (
				63F9C120228BBD140024675B /* Controller */,
				63F9C11F228BBD100024675B /* View */,
			);
			path = Room;
			sourceTree = "<group>";
		};
		630F1E27225C4612007CF259 = {
			isa = PBXGroup;
			children = (
				630F1E32225C4612007CF259 /* RTCPDemo */,
				630F1E4B225C4613007CF259 /* RTCPDemoTests */,
				630F1E56225C4613007CF259 /* RTCPDemoUITests */,
				630F1E31225C4612007CF259 /* Products */,
				9373DE018463DD3F6B0E5228 /* Pods */,
				A832E254F05E1F59AC709356 /* Frameworks */,
			);
			sourceTree = "<group>";
		};
		630F1E31225C4612007CF259 /* Products */ = {
			isa = PBXGroup;
			children = (
				630F1E30225C4612007CF259 /* RTCPDemo.app */,
				630F1E48225C4613007CF259 /* RTCPDemoTests.xctest */,
				630F1E53225C4613007CF259 /* RTCPDemoUITests.xctest */,
			);
			name = Products;
			sourceTree = "<group>";
		};
		630F1E32225C4612007CF259 /* RTCPDemo */ = {
			isa = PBXGroup;
			children = (
				63C172F7225DCAF5001E72E7 /* RTCPEngine.framework */,
				630E6E29225D7ADD00A31212 /* Room */,
				630E6E28225D7ADA00A31212 /* Base */,
				630F1E39225C4612007CF259 /* Main.storyboard */,
				630F1E3C225C4613007CF259 /* Assets.xcassets */,
				630F1E41225C4613007CF259 /* Info.plist */,
				630F1E42225C4613007CF259 /* main.m */,
				630F1E69225C49DF007CF259 /* PrefixHeader.pch */,
			);
			path = RTCPDemo;
			sourceTree = "<group>";
		};
		630F1E4B225C4613007CF259 /* RTCPDemoTests */ = {
			isa = PBXGroup;
			children = (
				630F1E4C225C4613007CF259 /* RTCPDemoTests.m */,
				630F1E4E225C4613007CF259 /* Info.plist */,
			);
			path = RTCPDemoTests;
			sourceTree = "<group>";
		};
		630F1E56225C4613007CF259 /* RTCPDemoUITests */ = {
			isa = PBXGroup;
			children = (
				630F1E57225C4613007CF259 /* RTCPDemoUITests.m */,
				630F1E59225C4613007CF259 /* Info.plist */,
			);
			path = RTCPDemoUITests;
			sourceTree = "<group>";
		};
		63F9C11F228BBD100024675B /* View */ = {
			isa = PBXGroup;
			children = (
				63E1AAEF228970FD00975C9F /* ArLogView.h */,
				63E1AAF0228970FD00975C9F /* ArLogView.m */,
			);
			path = View;
			sourceTree = "<group>";
		};
		63F9C120228BBD140024675B /* Controller */ = {
			isa = PBXGroup;
			children = (
				630F1E6F225C7C48007CF259 /* ArRoomViewController.h */,
				630F1E70225C7C48007CF259 /* ArRoomViewController.m */,
				63C172F4225D8779001E72E7 /* ArQRCodeViewController.h */,
				63C172F5225D8779001E72E7 /* ArQRCodeViewController.m */,
			);
			path = Controller;
			sourceTree = "<group>";
		};
		9373DE018463DD3F6B0E5228 /* Pods */ = {
			isa = PBXGroup;
			children = (
				746BACD1F89CCB38F11B96B3 /* Pods-RTCPDemo.debug.xcconfig */,
				32F76B066C0CB70E9DB41DB4 /* Pods-RTCPDemo.release.xcconfig */,
			);
			path = Pods;
			sourceTree = "<group>";
		};
		A832E254F05E1F59AC709356 /* Frameworks */ = {
			isa = PBXGroup;
			children = (
				1EEDB431E5747832BA253870 /* libPods-RTCPDemo.a */,
			);
			name = Frameworks;
			sourceTree = "<group>";
		};
/* End PBXGroup section */

/* Begin PBXNativeTarget section */
		630F1E2F225C4612007CF259 /* RTCPDemo */ = {
			isa = PBXNativeTarget;
			buildConfigurationList = 630F1E5C225C4613007CF259 /* Build configuration list for PBXNativeTarget "RTCPDemo" */;
			buildPhases = (
				2F424519143C0BD467797AF2 /* [CP] Check Pods Manifest.lock */,
				630F1E2C225C4612007CF259 /* Sources */,
				630F1E2D225C4612007CF259 /* Frameworks */,
				630F1E2E225C4612007CF259 /* Resources */,
				630F1E6E225C4E94007CF259 /* Embed Frameworks */,
				2711BFEE9E98AD25D096A7D8 /* [CP] Copy Pods Resources */,
			);
			buildRules = (
			);
			dependencies = (
			);
			name = RTCPDemo;
			productName = RTCPDemo;
			productReference = 630F1E30225C4612007CF259 /* RTCPDemo.app */;
			productType = "com.apple.product-type.application";
		};
		630F1E47225C4613007CF259 /* RTCPDemoTests */ = {
			isa = PBXNativeTarget;
			buildConfigurationList = 630F1E5F225C4613007CF259 /* Build configuration list for PBXNativeTarget "RTCPDemoTests" */;
			buildPhases = (
				630F1E44225C4613007CF259 /* Sources */,
				630F1E45225C4613007CF259 /* Frameworks */,
				630F1E46225C4613007CF259 /* Resources */,
			);
			buildRules = (
			);
			dependencies = (
				630F1E4A225C4613007CF259 /* PBXTargetDependency */,
			);
			name = RTCPDemoTests;
			productName = RTCPDemoTests;
			productReference = 630F1E48225C4613007CF259 /* RTCPDemoTests.xctest */;
			productType = "com.apple.product-type.bundle.unit-test";
		};
		630F1E52225C4613007CF259 /* RTCPDemoUITests */ = {
			isa = PBXNativeTarget;
			buildConfigurationList = 630F1E62225C4613007CF259 /* Build configuration list for PBXNativeTarget "RTCPDemoUITests" */;
			buildPhases = (
				630F1E4F225C4613007CF259 /* Sources */,
				630F1E50225C4613007CF259 /* Frameworks */,
				630F1E51225C4613007CF259 /* Resources */,
			);
			buildRules = (
			);
			dependencies = (
				630F1E55225C4613007CF259 /* PBXTargetDependency */,
			);
			name = RTCPDemoUITests;
			productName = RTCPDemoUITests;
			productReference = 630F1E53225C4613007CF259 /* RTCPDemoUITests.xctest */;
			productType = "com.apple.product-type.bundle.ui-testing";
		};
/* End PBXNativeTarget section */

/* Begin PBXProject section */
		630F1E28225C4612007CF259 /* Project object */ = {
			isa = PBXProject;
			attributes = {
				LastUpgradeCheck = 1010;
				ORGANIZATIONNAME = anyRTC;
				TargetAttributes = {
					630F1E2F225C4612007CF259 = {
						CreatedOnToolsVersion = 10.1;
						SystemCapabilities = {
							com.apple.BackgroundModes = {
								enabled = 1;
							};
						};
					};
					630F1E47225C4613007CF259 = {
						CreatedOnToolsVersion = 10.1;
						TestTargetID = 630F1E2F225C4612007CF259;
					};
					630F1E52225C4613007CF259 = {
						CreatedOnToolsVersion = 10.1;
						TestTargetID = 630F1E2F225C4612007CF259;
					};
				};
			};
			buildConfigurationList = 630F1E2B225C4612007CF259 /* Build configuration list for PBXProject "RTCPDemo" */;
			compatibilityVersion = "Xcode 9.3";
			developmentRegion = en;
			hasScannedForEncodings = 0;
			knownRegions = (
				en,
				Base,
			);
			mainGroup = 630F1E27225C4612007CF259;
			productRefGroup = 630F1E31225C4612007CF259 /* Products */;
			projectDirPath = "";
			projectRoot = "";
			targets = (
				630F1E2F225C4612007CF259 /* RTCPDemo */,
				630F1E47225C4613007CF259 /* RTCPDemoTests */,
				630F1E52225C4613007CF259 /* RTCPDemoUITests */,
			);
		};
/* End PBXProject section */

/* Begin PBXResourcesBuildPhase section */
		630F1E2E225C4612007CF259 /* Resources */ = {
			isa = PBXResourcesBuildPhase;
			buildActionMask = 2147483647;
			files = (
				630F1E3D225C4613007CF259 /* Assets.xcassets in Resources */,
				630F1E3B225C4612007CF259 /* Main.storyboard in Resources */,
			);
			runOnlyForDeploymentPostprocessing = 0;
		};
		630F1E46225C4613007CF259 /* Resources */ = {
			isa = PBXResourcesBuildPhase;
			buildActionMask = 2147483647;
			files = (
			);
			runOnlyForDeploymentPostprocessing = 0;
		};
		630F1E51225C4613007CF259 /* Resources */ = {
			isa = PBXResourcesBuildPhase;
			buildActionMask = 2147483647;
			files = (
			);
			runOnlyForDeploymentPostprocessing = 0;
		};
/* End PBXResourcesBuildPhase section */

/* Begin PBXShellScriptBuildPhase section */
		2711BFEE9E98AD25D096A7D8 /* [CP] Copy Pods Resources */ = {
			isa = PBXShellScriptBuildPhase;
			buildActionMask = 2147483647;
			files = (
			);
			inputFileListPaths = (
			);
			inputPaths = (
				"${PODS_ROOT}/Target Support Files/Pods-RTCPDemo/Pods-RTCPDemo-resources.sh",
				"${PODS_ROOT}/SGQRCode/SGQRCode/SGQRCode.bundle",
				"${PODS_ROOT}/SVProgressHUD/SVProgressHUD/SVProgressHUD.bundle",
			);
			name = "[CP] Copy Pods Resources";
			outputFileListPaths = (
			);
			outputPaths = (
				"${TARGET_BUILD_DIR}/${UNLOCALIZED_RESOURCES_FOLDER_PATH}/SGQRCode.bundle",
				"${TARGET_BUILD_DIR}/${UNLOCALIZED_RESOURCES_FOLDER_PATH}/SVProgressHUD.bundle",
			);
			runOnlyForDeploymentPostprocessing = 0;
			shellPath = /bin/sh;
			shellScript = "\"${PODS_ROOT}/Target Support Files/Pods-RTCPDemo/Pods-RTCPDemo-resources.sh\"\n";
			showEnvVarsInLog = 0;
		};
		2F424519143C0BD467797AF2 /* [CP] Check Pods Manifest.lock */ = {
			isa = PBXShellScriptBuildPhase;
			buildActionMask = 2147483647;
			files = (
			);
			inputFileListPaths = (
			);
			inputPaths = (
				"${PODS_PODFILE_DIR_PATH}/Podfile.lock",
				"${PODS_ROOT}/Manifest.lock",
			);
			name = "[CP] Check Pods Manifest.lock";
			outputFileListPaths = (
			);
			outputPaths = (
				"$(DERIVED_FILE_DIR)/Pods-RTCPDemo-checkManifestLockResult.txt",
			);
			runOnlyForDeploymentPostprocessing = 0;
			shellPath = /bin/sh;
			shellScript = "diff \"${PODS_PODFILE_DIR_PATH}/Podfile.lock\" \"${PODS_ROOT}/Manifest.lock\" > /dev/null\nif [ $? != 0 ] ; then\n    # print error to STDERR\n    echo \"error: The sandbox is not in sync with the Podfile.lock. Run 'pod install' or update your CocoaPods installation.\" >&2\n    exit 1\nfi\n# This output is used by Xcode 'outputs' to avoid re-running this script phase.\necho \"SUCCESS\" > \"${SCRIPT_OUTPUT_FILE_0}\"\n";
			showEnvVarsInLog = 0;
		};
/* End PBXShellScriptBuildPhase section */

/* Begin PBXSourcesBuildPhase section */
		630F1E2C225C4612007CF259 /* Sources */ = {
			isa = PBXSourcesBuildPhase;
			buildActionMask = 2147483647;
			files = (
				637C7F6E2289723B001D7361 /* ArMainViewController.m in Sources */,
				630F1E71225C7C48007CF259 /* ArRoomViewController.m in Sources */,
				63E1AAF1228970FD00975C9F /* ArLogView.m in Sources */,
				630F1E43225C4613007CF259 /* main.m in Sources */,
				630F1E35225C4612007CF259 /* AppDelegate.m in Sources */,
				63C172F6225D8779001E72E7 /* ArQRCodeViewController.m in Sources */,
			);
			runOnlyForDeploymentPostprocessing = 0;
		};
		630F1E44225C4613007CF259 /* Sources */ = {
			isa = PBXSourcesBuildPhase;
			buildActionMask = 2147483647;
			files = (
				630F1E4D225C4613007CF259 /* RTCPDemoTests.m in Sources */,
			);
			runOnlyForDeploymentPostprocessing = 0;
		};
		630F1E4F225C4613007CF259 /* Sources */ = {
			isa = PBXSourcesBuildPhase;
			buildActionMask = 2147483647;
			files = (
				630F1E58225C4613007CF259 /* RTCPDemoUITests.m in Sources */,
			);
			runOnlyForDeploymentPostprocessing = 0;
		};
/* End PBXSourcesBuildPhase section */

/* Begin PBXTargetDependency section */
		630F1E4A225C4613007CF259 /* PBXTargetDependency */ = {
			isa = PBXTargetDependency;
			target = 630F1E2F225C4612007CF259 /* RTCPDemo */;
			targetProxy = 630F1E49225C4613007CF259 /* PBXContainerItemProxy */;
		};
		630F1E55225C4613007CF259 /* PBXTargetDependency */ = {
			isa = PBXTargetDependency;
			target = 630F1E2F225C4612007CF259 /* RTCPDemo */;
			targetProxy = 630F1E54225C4613007CF259 /* PBXContainerItemProxy */;
		};
/* End PBXTargetDependency section */

/* Begin PBXVariantGroup section */
		630F1E39225C4612007CF259 /* Main.storyboard */ = {
			isa = PBXVariantGroup;
			children = (
				630F1E3A225C4612007CF259 /* Base */,
			);
			name = Main.storyboard;
			sourceTree = "<group>";
		};
/* End PBXVariantGroup section */

/* Begin XCBuildConfiguration section */
		630F1E5A225C4613007CF259 /* Debug */ = {
			isa = XCBuildConfiguration;
			buildSettings = {
				ALWAYS_SEARCH_USER_PATHS = NO;
				CLANG_ANALYZER_NONNULL = YES;
				CLANG_ANALYZER_NUMBER_OBJECT_CONVERSION = YES_AGGRESSIVE;
				CLANG_CXX_LANGUAGE_STANDARD = "gnu++14";
				CLANG_CXX_LIBRARY = "libc++";
				CLANG_ENABLE_MODULES = YES;
				CLANG_ENABLE_OBJC_ARC = YES;
				CLANG_ENABLE_OBJC_WEAK = YES;
				CLANG_WARN_BLOCK_CAPTURE_AUTORELEASING = YES;
				CLANG_WARN_BOOL_CONVERSION = YES;
				CLANG_WARN_COMMA = YES;
				CLANG_WARN_CONSTANT_CONVERSION = YES;
				CLANG_WARN_DEPRECATED_OBJC_IMPLEMENTATIONS = YES;
				CLANG_WARN_DIRECT_OBJC_ISA_USAGE = YES_ERROR;
				CLANG_WARN_DOCUMENTATION_COMMENTS = YES;
				CLANG_WARN_EMPTY_BODY = YES;
				CLANG_WARN_ENUM_CONVERSION = YES;
				CLANG_WARN_INFINITE_RECURSION = YES;
				CLANG_WARN_INT_CONVERSION = YES;
				CLANG_WARN_NON_LITERAL_NULL_CONVERSION = YES;
				CLANG_WARN_OBJC_IMPLICIT_RETAIN_SELF = YES;
				CLANG_WARN_OBJC_LITERAL_CONVERSION = YES;
				CLANG_WARN_OBJC_ROOT_CLASS = YES_ERROR;
				CLANG_WARN_RANGE_LOOP_ANALYSIS = YES;
				CLANG_WARN_STRICT_PROTOTYPES = YES;
				CLANG_WARN_SUSPICIOUS_MOVE = YES;
				CLANG_WARN_UNGUARDED_AVAILABILITY = YES_AGGRESSIVE;
				CLANG_WARN_UNREACHABLE_CODE = YES;
				CLANG_WARN__DUPLICATE_METHOD_MATCH = YES;
				CODE_SIGN_IDENTITY = "iPhone Developer";
				COPY_PHASE_STRIP = NO;
				DEBUG_INFORMATION_FORMAT = dwarf;
				ENABLE_STRICT_OBJC_MSGSEND = YES;
				ENABLE_TESTABILITY = YES;
				GCC_C_LANGUAGE_STANDARD = gnu11;
				GCC_DYNAMIC_NO_PIC = NO;
				GCC_NO_COMMON_BLOCKS = YES;
				GCC_OPTIMIZATION_LEVEL = 0;
				GCC_PREPROCESSOR_DEFINITIONS = (
					"DEBUG=1",
					"$(inherited)",
				);
				GCC_WARN_64_TO_32_BIT_CONVERSION = YES;
				GCC_WARN_ABOUT_RETURN_TYPE = YES_ERROR;
				GCC_WARN_UNDECLARED_SELECTOR = YES;
				GCC_WARN_UNINITIALIZED_AUTOS = YES_AGGRESSIVE;
				GCC_WARN_UNUSED_FUNCTION = YES;
				GCC_WARN_UNUSED_VARIABLE = YES;
				IPHONEOS_DEPLOYMENT_TARGET = 12.1;
				MTL_ENABLE_DEBUG_INFO = INCLUDE_SOURCE;
				MTL_FAST_MATH = YES;
				ONLY_ACTIVE_ARCH = YES;
				SDKROOT = iphoneos;
			};
			name = Debug;
		};
		630F1E5B225C4613007CF259 /* Release */ = {
			isa = XCBuildConfiguration;
			buildSettings = {
				ALWAYS_SEARCH_USER_PATHS = NO;
				CLANG_ANALYZER_NONNULL = YES;
				CLANG_ANALYZER_NUMBER_OBJECT_CONVERSION = YES_AGGRESSIVE;
				CLANG_CXX_LANGUAGE_STANDARD = "gnu++14";
				CLANG_CXX_LIBRARY = "libc++";
				CLANG_ENABLE_MODULES = YES;
				CLANG_ENABLE_OBJC_ARC = YES;
				CLANG_ENABLE_OBJC_WEAK = YES;
				CLANG_WARN_BLOCK_CAPTURE_AUTORELEASING = YES;
				CLANG_WARN_BOOL_CONVERSION = YES;
				CLANG_WARN_COMMA = YES;
				CLANG_WARN_CONSTANT_CONVERSION = YES;
				CLANG_WARN_DEPRECATED_OBJC_IMPLEMENTATIONS = YES;
				CLANG_WARN_DIRECT_OBJC_ISA_USAGE = YES_ERROR;
				CLANG_WARN_DOCUMENTATION_COMMENTS = YES;
				CLANG_WARN_EMPTY_BODY = YES;
				CLANG_WARN_ENUM_CONVERSION = YES;
				CLANG_WARN_INFINITE_RECURSION = YES;
				CLANG_WARN_INT_CONVERSION = YES;
				CLANG_WARN_NON_LITERAL_NULL_CONVERSION = YES;
				CLANG_WARN_OBJC_IMPLICIT_RETAIN_SELF = YES;
				CLANG_WARN_OBJC_LITERAL_CONVERSION = YES;
				CLANG_WARN_OBJC_ROOT_CLASS = YES_ERROR;
				CLANG_WARN_RANGE_LOOP_ANALYSIS = YES;
				CLANG_WARN_STRICT_PROTOTYPES = YES;
				CLANG_WARN_SUSPICIOUS_MOVE = YES;
				CLANG_WARN_UNGUARDED_AVAILABILITY = YES_AGGRESSIVE;
				CLANG_WARN_UNREACHABLE_CODE = YES;
				CLANG_WARN__DUPLICATE_METHOD_MATCH = YES;
				CODE_SIGN_IDENTITY = "iPhone Developer";
				COPY_PHASE_STRIP = NO;
				DEBUG_INFORMATION_FORMAT = "dwarf-with-dsym";
				ENABLE_NS_ASSERTIONS = NO;
				ENABLE_STRICT_OBJC_MSGSEND = YES;
				GCC_C_LANGUAGE_STANDARD = gnu11;
				GCC_NO_COMMON_BLOCKS = YES;
				GCC_WARN_64_TO_32_BIT_CONVERSION = YES;
				GCC_WARN_ABOUT_RETURN_TYPE = YES_ERROR;
				GCC_WARN_UNDECLARED_SELECTOR = YES;
				GCC_WARN_UNINITIALIZED_AUTOS = YES_AGGRESSIVE;
				GCC_WARN_UNUSED_FUNCTION = YES;
				GCC_WARN_UNUSED_VARIABLE = YES;
				IPHONEOS_DEPLOYMENT_TARGET = 12.1;
				MTL_ENABLE_DEBUG_INFO = NO;
				MTL_FAST_MATH = YES;
				SDKROOT = iphoneos;
				VALIDATE_PRODUCT = YES;
			};
			name = Release;
		};
		630F1E5D225C4613007CF259 /* Debug */ = {
			isa = XCBuildConfiguration;
			baseConfigurationReference = 746BACD1F89CCB38F11B96B3 /* Pods-RTCPDemo.debug.xcconfig */;
			buildSettings = {
				ASSETCATALOG_COMPILER_APPICON_NAME = AppIcon;
				ASSETCATALOG_COMPILER_LAUNCHIMAGE_NAME = LaunchImage;
				CODE_SIGN_IDENTITY = "iPhone Developer";
				CODE_SIGN_STYLE = Automatic;
				DEVELOPMENT_TEAM = 5543CP4MRT;
				FRAMEWORK_SEARCH_PATHS = (
					"$(inherited)",
					"$(PROJECT_DIR)/RTCPDemo",
				);
				GCC_PREFIX_HEADER = "$(SRCROOT)/$(PROJECT_NAME)/PrefixHeader.pch";
				INFOPLIST_FILE = RTCPDemo/Info.plist;
				IPHONEOS_DEPLOYMENT_TARGET = 9.0;
				LD_RUNPATH_SEARCH_PATHS = (
					"$(inherited)",
					"@executable_path/Frameworks",
				);
				PRODUCT_BUNDLE_IDENTIFIER = com.ar.RTCPDemo;
				PRODUCT_NAME = "$(TARGET_NAME)";
				PROVISIONING_PROFILE_SPECIFIER = "";
				TARGETED_DEVICE_FAMILY = 1;
			};
			name = Debug;
		};
		630F1E5E225C4613007CF259 /* Release */ = {
			isa = XCBuildConfiguration;
			baseConfigurationReference = 32F76B066C0CB70E9DB41DB4 /* Pods-RTCPDemo.release.xcconfig */;
			buildSettings = {
				ASSETCATALOG_COMPILER_APPICON_NAME = AppIcon;
				ASSETCATALOG_COMPILER_LAUNCHIMAGE_NAME = LaunchImage;
				CODE_SIGN_IDENTITY = "iPhone Developer";
				CODE_SIGN_STYLE = Automatic;
				DEVELOPMENT_TEAM = 5543CP4MRT;
				FRAMEWORK_SEARCH_PATHS = (
					"$(inherited)",
					"$(PROJECT_DIR)/RTCPDemo",
				);
				GCC_PREFIX_HEADER = "$(SRCROOT)/$(PROJECT_NAME)/PrefixHeader.pch";
				INFOPLIST_FILE = RTCPDemo/Info.plist;
				IPHONEOS_DEPLOYMENT_TARGET = 9.0;
				LD_RUNPATH_SEARCH_PATHS = (
					"$(inherited)",
					"@executable_path/Frameworks",
				);
				PRODUCT_BUNDLE_IDENTIFIER = com.ar.RTCPDemo;
				PRODUCT_NAME = "$(TARGET_NAME)";
				PROVISIONING_PROFILE_SPECIFIER = "";
				TARGETED_DEVICE_FAMILY = 1;
			};
			name = Release;
		};
		630F1E60225C4613007CF259 /* Debug */ = {
			isa = XCBuildConfiguration;
			buildSettings = {
				BUNDLE_LOADER = "$(TEST_HOST)";
				CODE_SIGN_STYLE = Automatic;
				DEVELOPMENT_TEAM = 5543CP4MRT;
				INFOPLIST_FILE = RTCPDemoTests/Info.plist;
				LD_RUNPATH_SEARCH_PATHS = (
					"$(inherited)",
					"@executable_path/Frameworks",
					"@loader_path/Frameworks",
				);
				PRODUCT_BUNDLE_IDENTIFIER = com.ar.RTCPDemoTests;
				PRODUCT_NAME = "$(TARGET_NAME)";
				TARGETED_DEVICE_FAMILY = "1,2";
				TEST_HOST = "$(BUILT_PRODUCTS_DIR)/RTCPDemo.app/RTCPDemo";
			};
			name = Debug;
		};
		630F1E61225C4613007CF259 /* Release */ = {
			isa = XCBuildConfiguration;
			buildSettings = {
				BUNDLE_LOADER = "$(TEST_HOST)";
				CODE_SIGN_STYLE = Automatic;
				DEVELOPMENT_TEAM = 5543CP4MRT;
				INFOPLIST_FILE = RTCPDemoTests/Info.plist;
				LD_RUNPATH_SEARCH_PATHS = (
					"$(inherited)",
					"@executable_path/Frameworks",
					"@loader_path/Frameworks",
				);
				PRODUCT_BUNDLE_IDENTIFIER = com.ar.RTCPDemoTests;
				PRODUCT_NAME = "$(TARGET_NAME)";
				TARGETED_DEVICE_FAMILY = "1,2";
				TEST_HOST = "$(BUILT_PRODUCTS_DIR)/RTCPDemo.app/RTCPDemo";
			};
			name = Release;
		};
		630F1E63225C4613007CF259 /* Debug */ = {
			isa = XCBuildConfiguration;
			buildSettings = {
				CODE_SIGN_STYLE = Automatic;
				DEVELOPMENT_TEAM = 5543CP4MRT;
				INFOPLIST_FILE = RTCPDemoUITests/Info.plist;
				LD_RUNPATH_SEARCH_PATHS = (
					"$(inherited)",
					"@executable_path/Frameworks",
					"@loader_path/Frameworks",
				);
				PRODUCT_BUNDLE_IDENTIFIER = com.ar.RTCPDemoUITests;
				PRODUCT_NAME = "$(TARGET_NAME)";
				TARGETED_DEVICE_FAMILY = "1,2";
				TEST_TARGET_NAME = RTCPDemo;
			};
			name = Debug;
		};
		630F1E64225C4613007CF259 /* Release */ = {
			isa = XCBuildConfiguration;
			buildSettings = {
				CODE_SIGN_STYLE = Automatic;
				DEVELOPMENT_TEAM = 5543CP4MRT;
				INFOPLIST_FILE = RTCPDemoUITests/Info.plist;
				LD_RUNPATH_SEARCH_PATHS = (
					"$(inherited)",
					"@executable_path/Frameworks",
					"@loader_path/Frameworks",
				);
				PRODUCT_BUNDLE_IDENTIFIER = com.ar.RTCPDemoUITests;
				PRODUCT_NAME = "$(TARGET_NAME)";
				TARGETED_DEVICE_FAMILY = "1,2";
				TEST_TARGET_NAME = RTCPDemo;
			};
			name = Release;
		};
/* End XCBuildConfiguration section */

/* Begin XCConfigurationList section */
		630F1E2B225C4612007CF259 /* Build configuration list for PBXProject "RTCPDemo" */ = {
			isa = XCConfigurationList;
			buildConfigurations = (
				630F1E5A225C4613007CF259 /* Debug */,
				630F1E5B225C4613007CF259 /* Release */,
			);
			defaultConfigurationIsVisible = 0;
			defaultConfigurationName = Release;
		};
		630F1E5C225C4613007CF259 /* Build configuration list for PBXNativeTarget "RTCPDemo" */ = {
			isa = XCConfigurationList;
			buildConfigurations = (
				630F1E5D225C4613007CF259 /* Debug */,
				630F1E5E225C4613007CF259 /* Release */,
			);
			defaultConfigurationIsVisible = 0;
			defaultConfigurationName = Release;
		};
		630F1E5F225C4613007CF259 /* Build configuration list for PBXNativeTarget "RTCPDemoTests" */ = {
			isa = XCConfigurationList;
			buildConfigurations = (
				630F1E60225C4613007CF259 /* Debug */,
				630F1E61225C4613007CF259 /* Release */,
			);
			defaultConfigurationIsVisible = 0;
			defaultConfigurationName = Release;
		};
		630F1E62225C4613007CF259 /* Build configuration list for PBXNativeTarget "RTCPDemoUITests" */ = {
			isa = XCConfigurationList;
			buildConfigurations = (
				630F1E63225C4613007CF259 /* Debug */,
				630F1E64225C4613007CF259 /* Release */,
			);
			defaultConfigurationIsVisible = 0;
			defaultConfigurationName = Release;
		};
/* End XCConfigurationList section */
	};
	rootObject = 630F1E28225C4612007CF259 /* Project object */;
}
